// !$*UTF8*$!
{
	archiveVersion = 1;
	classes = {
	};
	objectVersion = 55;
	objects = {

/* Begin PBXBuildFile section */
		4404FB432F40A3700010B9E0 /* Tests_iOS.swift in Sources */ = {isa = PBXBuildFile; fileRef = 4404FB422F40A3700010B9E0 /* Tests_iOS.swift */; };
		4404FB452F40A3700010B9E0 /* Tests_iOSLaunchTests.swift in Sources */ = {isa = PBXBuildFile; fileRef = 4404FB442F40A3700010B9E0 /* Tests_iOSLaunchTests.swift */; };
		4404FB4F2F40A3700010B9E0 /* Tests_macOS.swift in Sources */ = {isa = PBXBuildFile; fileRef = 4404FB4E2F40A3700010B9E0 /* Tests_macOS.swift */; };
		4404FB512F40A3700010B9E0 /* Tests_macOSLaunchTests.swift in Sources */ = {isa = PBXBuildFile; fileRef = 4404FB502F40A3700010B9E0 /* Tests_macOSLaunchTests.swift */; };
		44A3954D2F4769890076B679 /* APIEndpoints.swift in Sources */ = {isa = PBXBuildFile; fileRef = 44A3954B2F4769890076B679 /* APIEndpoints.swift */; };
		44A3954E2F4769890076B679 /* Accessory.swift in Sources */ = {isa = PBXBuildFile; fileRef = 44A3954C2F4769890076B679 /* Accessory.swift */; };
		44A3956B2F4769AF0076B679 /* RewardCardView.swift in Sources */ = {isa = PBXBuildFile; fileRef = 44A395502F4769AF0076B679 /* RewardCardView.swift */; };
		44A3956C2F4769AF0076B679 /* Typography.swift in Sources */ = {isa = PBXBuildFile; fileRef = 44A395512F4769AF0076B679 /* Typography.swift */; };
		44A3956D2F4769AF0076B679 /* Task.swift in Sources */ = {isa = PBXBuildFile; fileRef = 44A395522F4769AF0076B679 /* Task.swift */; };
		44A3956F2F4769AF0076B679 /* RewardRepository.swift in Sources */ = {isa = PBXBuildFile; fileRef = 44A395542F4769AF0076B679 /* RewardRepository.swift */; };
		44A395702F4769AF0076B679 /* NetworkManager.swift in Sources */ = {isa = PBXBuildFile; fileRef = 44A395552F4769AF0076B679 /* NetworkManager.swift */; };
		44A395712F4769AF0076B679 /* ChildRepository.swift in Sources */ = {isa = PBXBuildFile; fileRef = 44A395562F4769AF0076B679 /* ChildRepository.swift */; };
		44A395722F4769AF0076B679 /* Colors.swift in Sources */ = {isa = PBXBuildFile; fileRef = 44A395572F4769AF0076B679 /* Colors.swift */; };
		44A395732F4769AF0076B679 /* WelcomeViewModel.swift in Sources */ = {isa = PBXBuildFile; fileRef = 44A395582F4769AF0076B679 /* WelcomeViewModel.swift */; };
		44A395742F4769AF0076B679 /* ChildData.swift in Sources */ = {isa = PBXBuildFile; fileRef = 44A395592F4769AF0076B679 /* ChildData.swift */; };
		44A395752F4769AF0076B679 /* View+Extensions.swift in Sources */ = {isa = PBXBuildFile; fileRef = 44A3955A2F4769AF0076B679 /* View+Extensions.swift */; };
		44A395762F4769AF0076B679 /* NetworkError.swift in Sources */ = {isa = PBXBuildFile; fileRef = 44A3955B2F4769AF0076B679 /* NetworkError.swift */; };
		44A395772F4769AF0076B679 /* LoadingView.swift in Sources */ = {isa = PBXBuildFile; fileRef = 44A3955C2F4769AF0076B679 /* LoadingView.swift */; };
		44A395782F4769AF0076B679 /* AppRoute.swift in Sources */ = {isa = PBXBuildFile; fileRef = 44A3955D2F4769AF0076B679 /* AppRoute.swift */; };
		44A395792F4769B00076B679 /* ChildDashboardView.swift in Sources */ = {isa = PBXBuildFile; fileRef = 44A3955E2F4769AF0076B679 /* ChildDashboardView.swift */; };
		44A3957A2F4769B00076B679 /* TaskRepository.swift in Sources */ = {isa = PBXBuildFile; fileRef = 44A3955F2F4769AF0076B679 /* TaskRepository.swift */; };
		44A3957B2F4769B00076B679 /* ChildDashboardViewModel.swift in Sources */ = {isa = PBXBuildFile; fileRef = 44A395602F4769AF0076B679 /* ChildDashboardViewModel.swift */; };
		44A3957D2F4769B00076B679 /* ZebraShopView.swift in Sources */ = {isa = PBXBuildFile; fileRef = 44A395622F4769AF0076B679 /* ZebraShopView.swift */; };
		44A3957E2F4769B00076B679 /* ZebraShopRepository.swift in Sources */ = {isa = PBXBuildFile; fileRef = 44A395632F4769AF0076B679 /* ZebraShopRepository.swift */; };
		44A3957F2F4769B00076B679 /* SoundService.swift in Sources */ = {isa = PBXBuildFile; fileRef = 44A395642F4769AF0076B679 /* SoundService.swift */; };
		44A395802F4769B00076B679 /* MissionZebraApp.swift in Sources */ = {isa = PBXBuildFile; fileRef = 44A395652F4769AF0076B679 /* MissionZebraApp.swift */; };
		44A395812F4769B00076B679 /* Child.swift in Sources */ = {isa = PBXBuildFile; fileRef = 44A395662F4769AF0076B679 /* Child.swift */; };
		44A395822F4769B00076B679 /* Reward.swift in Sources */ = {isa = PBXBuildFile; fileRef = 44A395672F4769AF0076B679 /* Reward.swift */; };
		44A395832F4769B00076B679 /* TaskCardView.swift in Sources */ = {isa = PBXBuildFile; fileRef = 44A395682F4769AF0076B679 /* TaskCardView.swift */; };
		44A395842F4769B00076B679 /* SessionService.swift in Sources */ = {isa = PBXBuildFile; fileRef = 44A395692F4769AF0076B679 /* SessionService.swift */; };
		44A3958F2F4787FE0076B679 /* WelcomeView.swift in Sources */ = {isa = PBXBuildFile; fileRef = 44A3958D2F4787FE0076B679 /* WelcomeView.swift */; };
		44A395902F4787FE0076B679 /* NavigationCoordinator.swift in Sources */ = {isa = PBXBuildFile; fileRef = 44A3958E2F4787FE0076B679 /* NavigationCoordinator.swift */; };
/* End PBXBuildFile section */

/* Begin PBXContainerItemProxy section */
		4404FB3F2F40A3700010B9E0 /* PBXContainerItemProxy */ = {
			isa = PBXContainerItemProxy;
			containerPortal = 4404FB252F40A36D0010B9E0 /* Project object */;
			proxyType = 1;
			remoteGlobalIDString = 4404FB302F40A36F0010B9E0;
			remoteInfo = "MissionZebra (iOS)";
		};
		4404FB4B2F40A3700010B9E0 /* PBXContainerItemProxy */ = {
			isa = PBXContainerItemProxy;
			containerPortal = 4404FB252F40A36D0010B9E0 /* Project object */;
			proxyType = 1;
			remoteGlobalIDString = 4404FB362F40A36F0010B9E0;
			remoteInfo = "MissionZebra (macOS)";
		};
/* End PBXContainerItemProxy section */

/* Begin PBXFileReference section */
		4404FB312F40A36F0010B9E0 /* MissionZebra.app */ = {isa = PBXFileReference; explicitFileType = wrapper.application; includeInIndex = 0; path = MissionZebra.app; sourceTree = BUILT_PRODUCTS_DIR; };
		4404FB372F40A36F0010B9E0 /* MissionZebra.app */ = {isa = PBXFileReference; explicitFileType = wrapper.application; includeInIndex = 0; path = MissionZebra.app; sourceTree = BUILT_PRODUCTS_DIR; };
		4404FB392F40A36F0010B9E0 /* macOS.entitlements */ = {isa = PBXFileReference; lastKnownFileType = text.plist.entitlements; path = macOS.entitlements; sourceTree = "<group>"; };
		4404FB3E2F40A3700010B9E0 /* Tests iOS.xctest */ = {isa = PBXFileReference; explicitFileType = wrapper.cfbundle; includeInIndex = 0; path = "Tests iOS.xctest"; sourceTree = BUILT_PRODUCTS_DIR; };
		4404FB422F40A3700010B9E0 /* Tests_iOS.swift */ = {isa = PBXFileReference; lastKnownFileType = sourcecode.swift; path = Tests_iOS.swift; sourceTree = "<group>"; };
		4404FB442F40A3700010B9E0 /* Tests_iOSLaunchTests.swift */ = {isa = PBXFileReference; lastKnownFileType = sourcecode.swift; path = Tests_iOSLaunchTests.swift; sourceTree = "<group>"; };
		4404FB4A2F40A3700010B9E0 /* Tests macOS.xctest */ = {isa = PBXFileReference; explicitFileType = wrapper.cfbundle; includeInIndex = 0; path = "Tests macOS.xctest"; sourceTree = BUILT_PRODUCTS_DIR; };
		4404FB4E2F40A3700010B9E0 /* Tests_macOS.swift */ = {isa = PBXFileReference; lastKnownFileType = sourcecode.swift; path = Tests_macOS.swift; sourceTree = "<group>"; };
		4404FB502F40A3700010B9E0 /* Tests_macOSLaunchTests.swift */ = {isa = PBXFileReference; lastKnownFileType = sourcecode.swift; path = Tests_macOSLaunchTests.swift; sourceTree = "<group>"; };
		44A3954B2F4769890076B679 /* APIEndpoints.swift */ = {isa = PBXFileReference; fileEncoding = 4; lastKnownFileType = sourcecode.swift; path = APIEndpoints.swift; sourceTree = "<group>"; };
		44A3954C2F4769890076B679 /* Accessory.swift */ = {isa = PBXFileReference; fileEncoding = 4; lastKnownFileType = sourcecode.swift; path = Accessory.swift; sourceTree = "<group>"; };
		44A395502F4769AF0076B679 /* RewardCardView.swift */ = {isa = PBXFileReference; fileEncoding = 4; lastKnownFileType = sourcecode.swift; path = RewardCardView.swift; sourceTree = "<group>"; };
		44A395512F4769AF0076B679 /* Typography.swift */ = {isa = PBXFileReference; fileEncoding = 4; lastKnownFileType = sourcecode.swift; path = Typography.swift; sourceTree = "<group>"; };
		44A395522F4769AF0076B679 /* Task.swift */ = {isa = PBXFileReference; fileEncoding = 4; lastKnownFileType = sourcecode.swift; path = Task.swift; sourceTree = "<group>"; };
		44A395542F4769AF0076B679 /* RewardRepository.swift */ = {isa = PBXFileReference; fileEncoding = 4; lastKnownFileType = sourcecode.swift; path = RewardRepository.swift; sourceTree = "<group>"; };
		44A395552F4769AF0076B679 /* NetworkManager.swift */ = {isa = PBXFileReference; fileEncoding = 4; lastKnownFileType = sourcecode.swift; path = NetworkManager.swift; sourceTree = "<group>"; };
		44A395562F4769AF0076B679 /* ChildRepository.swift */ = {isa = PBXFileReference; fileEncoding = 4; lastKnownFileType = sourcecode.swift; path = ChildRepository.swift; sourceTree = "<group>"; };
		44A395572F4769AF0076B679 /* Colors.swift */ = {isa = PBXFileReference; fileEncoding = 4; lastKnownFileType = sourcecode.swift; path = Colors.swift; sourceTree = "<group>"; };
		44A395582F4769AF0076B679 /* WelcomeViewModel.swift */ = {isa = PBXFileReference; fileEncoding = 4; lastKnownFileType = sourcecode.swift; path = WelcomeViewModel.swift; sourceTree = "<group>"; };
		44A395592F4769AF0076B679 /* ChildData.swift */ = {isa = PBXFileReference; fileEncoding = 4; lastKnownFileType = sourcecode.swift; path = ChildData.swift; sourceTree = "<group>"; };
		44A3955A2F4769AF0076B679 /* View+Extensions.swift */ = {isa = PBXFileReference; fileEncoding = 4; lastKnownFileType = sourcecode.swift; path = "View+Extensions.swift"; sourceTree = "<group>"; };
		44A3955B2F4769AF0076B679 /* NetworkError.swift */ = {isa = PBXFileReference; fileEncoding = 4; lastKnownFileType = sourcecode.swift; path = NetworkError.swift; sourceTree = "<group>"; };
		44A3955C2F4769AF0076B679 /* LoadingView.swift */ = {isa = PBXFileReference; fileEncoding = 4; lastKnownFileType = sourcecode.swift; path = LoadingView.swift; sourceTree = "<group>"; };
		44A3955D2F4769AF0076B679 /* AppRoute.swift */ = {isa = PBXFileReference; fileEncoding = 4; lastKnownFileType = sourcecode.swift; path = AppRoute.swift; sourceTree = "<group>"; };
		44A3955E2F4769AF0076B679 /* ChildDashboardView.swift */ = {isa = PBXFileReference; fileEncoding = 4; lastKnownFileType = sourcecode.swift; path = ChildDashboardView.swift; sourceTree = "<group>"; };
		44A3955F2F4769AF0076B679 /* TaskRepository.swift */ = {isa = PBXFileReference; fileEncoding = 4; lastKnownFileType = sourcecode.swift; path = TaskRepository.swift; sourceTree = "<group>"; };
		44A395602F4769AF0076B679 /* ChildDashboardViewModel.swift */ = {isa = PBXFileReference; fileEncoding = 4; lastKnownFileType = sourcecode.swift; path = ChildDashboardViewModel.swift; sourceTree = "<group>"; };
		44A395622F4769AF0076B679 /* ZebraShopView.swift */ = {isa = PBXFileReference; fileEncoding = 4; lastKnownFileType = sourcecode.swift; path = ZebraShopView.swift; sourceTree = "<group>"; };
		44A395632F4769AF0076B679 /* ZebraShopRepository.swift */ = {isa = PBXFileReference; fileEncoding = 4; lastKnownFileType = sourcecode.swift; path = ZebraShopRepository.swift; sourceTree = "<group>"; };
		44A395642F4769AF0076B679 /* SoundService.swift */ = {isa = PBXFileReference; fileEncoding = 4; lastKnownFileType = sourcecode.swift; path = SoundService.swift; sourceTree = "<group>"; };
		44A395652F4769AF0076B679 /* MissionZebraApp.swift */ = {isa = PBXFileReference; fileEncoding = 4; lastKnownFileType = sourcecode.swift; path = MissionZebraApp.swift; sourceTree = "<group>"; };
		44A395662F4769AF0076B679 /* Child.swift */ = {isa = PBXFileReference; fileEncoding = 4; lastKnownFileType = sourcecode.swift; path = Child.swift; sourceTree = "<group>"; };
		44A395672F4769AF0076B679 /* Reward.swift */ = {isa = PBXFileReference; fileEncoding = 4; lastKnownFileType = sourcecode.swift; path = Reward.swift; sourceTree = "<group>"; };
		44A395682F4769AF0076B679 /* TaskCardView.swift */ = {isa = PBXFileReference; fileEncoding = 4; lastKnownFileType = sourcecode.swift; path = TaskCardView.swift; sourceTree = "<group>"; };
		44A395692F4769AF0076B679 /* SessionService.swift */ = {isa = PBXFileReference; fileEncoding = 4; lastKnownFileType = sourcecode.swift; path = SessionService.swift; sourceTree = "<group>"; };
		44A3958D2F4787FE0076B679 /* WelcomeView.swift */ = {isa = PBXFileReference; fileEncoding = 4; lastKnownFileType = sourcecode.swift; name = WelcomeView.swift; path = ../../../../../Downloads/WelcomeView.swift; sourceTree = "<group>"; };
		44A3958E2F4787FE0076B679 /* NavigationCoordinator.swift */ = {isa = PBXFileReference; fileEncoding = 4; lastKnownFileType = sourcecode.swift; name = NavigationCoordinator.swift; path = ../../../../../Downloads/NavigationCoordinator.swift; sourceTree = "<group>"; };
/* End PBXFileReference section */

/* Begin PBXFrameworksBuildPhase section */
		4404FB2E2F40A36F0010B9E0 /* Frameworks */ = {
			isa = PBXFrameworksBuildPhase;
			buildActionMask = 2147483647;
			files = (
			);
			runOnlyForDeploymentPostprocessing = 0;
		};
		4404FB342F40A36F0010B9E0 /* Frameworks */ = {
			isa = PBXFrameworksBuildPhase;
			buildActionMask = 2147483647;
			files = (
			);
			runOnlyForDeploymentPostprocessing = 0;
		};
		4404FB3B2F40A3700010B9E0 /* Frameworks */ = {
			isa = PBXFrameworksBuildPhase;
			buildActionMask = 2147483647;
			files = (
			);
			runOnlyForDeploymentPostprocessing = 0;
		};
		4404FB472F40A3700010B9E0 /* Frameworks */ = {
			isa = PBXFrameworksBuildPhase;
			buildActionMask = 2147483647;
			files = (
			);
			runOnlyForDeploymentPostprocessing = 0;
		};
/* End PBXFrameworksBuildPhase section */

/* Begin PBXGroup section */
		4404FB242F40A36D0010B9E0 = {
			isa = PBXGroup;
			children = (
				44A3958E2F4787FE0076B679 /* NavigationCoordinator.swift */,
				44A3958D2F4787FE0076B679 /* WelcomeView.swift */,
				44A3955D2F4769AF0076B679 /* AppRoute.swift */,
				44A395662F4769AF0076B679 /* Child.swift */,
				44A3955E2F4769AF0076B679 /* ChildDashboardView.swift */,
				44A395602F4769AF0076B679 /* ChildDashboardViewModel.swift */,
				44A395592F4769AF0076B679 /* ChildData.swift */,
				44A395562F4769AF0076B679 /* ChildRepository.swift */,
				44A395572F4769AF0076B679 /* Colors.swift */,
				44A3955C2F4769AF0076B679 /* LoadingView.swift */,
				44A395652F4769AF0076B679 /* MissionZebraApp.swift */,
				44A3955B2F4769AF0076B679 /* NetworkError.swift */,
				44A395552F4769AF0076B679 /* NetworkManager.swift */,
				44A395672F4769AF0076B679 /* Reward.swift */,
				44A395502F4769AF0076B679 /* RewardCardView.swift */,
				44A395542F4769AF0076B679 /* RewardRepository.swift */,
				44A395692F4769AF0076B679 /* SessionService.swift */,
				44A395642F4769AF0076B679 /* SoundService.swift */,
				44A395522F4769AF0076B679 /* Task.swift */,
				44A395682F4769AF0076B679 /* TaskCardView.swift */,
				44A3955F2F4769AF0076B679 /* TaskRepository.swift */,
				44A395512F4769AF0076B679 /* Typography.swift */,
				44A3955A2F4769AF0076B679 /* View+Extensions.swift */,
				44A395582F4769AF0076B679 /* WelcomeViewModel.swift */,
				44A395632F4769AF0076B679 /* ZebraShopRepository.swift */,
				44A395622F4769AF0076B679 /* ZebraShopView.swift */,
				44A3954C2F4769890076B679 /* Accessory.swift */,
				44A3954B2F4769890076B679 /* APIEndpoints.swift */,
				4404FB382F40A36F0010B9E0 /* macOS */,
				4404FB412F40A3700010B9E0 /* Tests iOS */,
				4404FB4D2F40A3700010B9E0 /* Tests macOS */,
				4404FB322F40A36F0010B9E0 /* Products */,
			);
			sourceTree = "<group>";
		};
		4404FB322F40A36F0010B9E0 /* Products */ = {
			isa = PBXGroup;
			children = (
				4404FB312F40A36F0010B9E0 /* MissionZebra.app */,
				4404FB372F40A36F0010B9E0 /* MissionZebra.app */,
				4404FB3E2F40A3700010B9E0 /* Tests iOS.xctest */,
				4404FB4A2F40A3700010B9E0 /* Tests macOS.xctest */,
			);
			name = Products;
			sourceTree = "<group>";
		};
		4404FB382F40A36F0010B9E0 /* macOS */ = {
			isa = PBXGroup;
			children = (
				4404FB392F40A36F0010B9E0 /* macOS.entitlements */,
			);
			path = macOS;
			sourceTree = "<group>";
		};
		4404FB412F40A3700010B9E0 /* Tests iOS */ = {
			isa = PBXGroup;
			children = (
				4404FB422F40A3700010B9E0 /* Tests_iOS.swift */,
				4404FB442F40A3700010B9E0 /* Tests_iOSLaunchTests.swift */,
			);
			path = "Tests iOS";
			sourceTree = "<group>";
		};
		4404FB4D2F40A3700010B9E0 /* Tests macOS */ = {
			isa = PBXGroup;
			children = (
				4404FB4E2F40A3700010B9E0 /* Tests_macOS.swift */,
				4404FB502F40A3700010B9E0 /* Tests_macOSLaunchTests.swift */,
			);
			path = "Tests macOS";
			sourceTree = "<group>";
		};
/* End PBXGroup section */

/* Begin PBXNativeTarget section */
		4404FB302F40A36F0010B9E0 /* MissionZebra (iOS) */ = {
			isa = PBXNativeTarget;
			buildConfigurationList = 4404FB5A2F40A3700010B9E0 /* Build configuration list for PBXNativeTarget "MissionZebra (iOS)" */;
			buildPhases = (
				4404FB2D2F40A36F0010B9E0 /* Sources */,
				4404FB2E2F40A36F0010B9E0 /* Frameworks */,
				4404FB2F2F40A36F0010B9E0 /* Resources */,
			);
			buildRules = (
			);
			dependencies = (
			);
			name = "MissionZebra (iOS)";
			productName = "MissionZebra (iOS)";
			productReference = 4404FB312F40A36F0010B9E0 /* MissionZebra.app */;
			productType = "com.apple.product-type.application";
		};
		4404FB362F40A36F0010B9E0 /* MissionZebra (macOS) */ = {
			isa = PBXNativeTarget;
			buildConfigurationList = 4404FB5D2F40A3700010B9E0 /* Build configuration list for PBXNativeTarget "MissionZebra (macOS)" */;
			buildPhases = (
				4404FB332F40A36F0010B9E0 /* Sources */,
				4404FB342F40A36F0010B9E0 /* Frameworks */,
				4404FB352F40A36F0010B9E0 /* Resources */,
			);
			buildRules = (
			);
			dependencies = (
			);
			name = "MissionZebra (macOS)";
			productName = "MissionZebra (macOS)";
			productReference = 4404FB372F40A36F0010B9E0 /* MissionZebra.app */;
			productType = "com.apple.product-type.application";
		};
		4404FB3D2F40A3700010B9E0 /* Tests iOS */ = {
			isa = PBXNativeTarget;
			buildConfigurationList = 4404FB602F40A3700010B9E0 /* Build configuration list for PBXNativeTarget "Tests iOS" */;
			buildPhases = (
				4404FB3A2F40A3700010B9E0 /* Sources */,
				4404FB3B2F40A3700010B9E0 /* Frameworks */,
				4404FB3C2F40A3700010B9E0 /* Resources */,
			);
			buildRules = (
			);
			dependencies = (
				4404FB402F40A3700010B9E0 /* PBXTargetDependency */,
			);
			name = "Tests iOS";
			productName = "Tests iOS";
			productReference = 4404FB3E2F40A3700010B9E0 /* Tests iOS.xctest */;
			productType = "com.apple.product-type.bundle.ui-testing";
		};
		4404FB492F40A3700010B9E0 /* Tests macOS */ = {
			isa = PBXNativeTarget;
			buildConfigurationList = 4404FB632F40A3700010B9E0 /* Build configuration list for PBXNativeTarget "Tests macOS" */;
			buildPhases = (
				4404FB462F40A3700010B9E0 /* Sources */,
				4404FB472F40A3700010B9E0 /* Frameworks */,
				4404FB482F40A3700010B9E0 /* Resources */,
			);
			buildRules = (
			);
			dependencies = (
				4404FB4C2F40A3700010B9E0 /* PBXTargetDependency */,
			);
			name = "Tests macOS";
			productName = "Tests macOS";
			productReference = 4404FB4A2F40A3700010B9E0 /* Tests macOS.xctest */;
			productType = "com.apple.product-type.bundle.ui-testing";
		};
/* End PBXNativeTarget section */

/* Begin PBXProject section */
		4404FB252F40A36D0010B9E0 /* Project object */ = {
			isa = PBXProject;
			attributes = {
				BuildIndependentTargetsInParallel = 1;
				LastSwiftUpdateCheck = 1320;
				LastUpgradeCheck = 1320;
				TargetAttributes = {
					4404FB302F40A36F0010B9E0 = {
						CreatedOnToolsVersion = 13.2.1;
					};
					4404FB362F40A36F0010B9E0 = {
						CreatedOnToolsVersion = 13.2.1;
					};
					4404FB3D2F40A3700010B9E0 = {
						CreatedOnToolsVersion = 13.2.1;
						TestTargetID = 4404FB302F40A36F0010B9E0;
					};
					4404FB492F40A3700010B9E0 = {
						CreatedOnToolsVersion = 13.2.1;
						TestTargetID = 4404FB362F40A36F0010B9E0;
					};
				};
			};
			buildConfigurationList = 4404FB282F40A36D0010B9E0 /* Build configuration list for PBXProject "MissionZebra" */;
			compatibilityVersion = "Xcode 13.0";
			developmentRegion = en;
			hasScannedForEncodings = 0;
			knownRegions = (
				en,
				Base,
			);
			mainGroup = 4404FB242F40A36D0010B9E0;
			productRefGroup = 4404FB322F40A36F0010B9E0 /* Products */;
			projectDirPath = "";
			projectRoot = "";
			targets = (
				4404FB302F40A36F0010B9E0 /* MissionZebra (iOS) */,
				4404FB362F40A36F0010B9E0 /* MissionZebra (macOS) */,
				4404FB3D2F40A3700010B9E0 /* Tests iOS */,
				4404FB492F40A3700010B9E0 /* Tests macOS */,
			);
		};
/* End PBXProject section */

/* Begin PBXResourcesBuildPhase section */
		4404FB2F2F40A36F0010B9E0 /* Resources */ = {
			isa = PBXResourcesBuildPhase;
			buildActionMask = 2147483647;
			files = (
			);
			runOnlyForDeploymentPostprocessing = 0;
		};
		4404FB352F40A36F0010B9E0 /* Resources */ = {
			isa = PBXResourcesBuildPhase;
			buildActionMask = 2147483647;
			files = (
			);
			runOnlyForDeploymentPostprocessing = 0;
		};
		4404FB3C2F40A3700010B9E0 /* Resources */ = {
			isa = PBXResourcesBuildPhase;
			buildActionMask = 2147483647;
			files = (
			);
			runOnlyForDeploymentPostprocessing = 0;
		};
		4404FB482F40A3700010B9E0 /* Resources */ = {
			isa = PBXResourcesBuildPhase;
			buildActionMask = 2147483647;
			files = (
			);
			runOnlyForDeploymentPostprocessing = 0;
		};
/* End PBXResourcesBuildPhase section */

/* Begin PBXSourcesBuildPhase section */
		4404FB2D2F40A36F0010B9E0 /* Sources */ = {
			isa = PBXSourcesBuildPhase;
			buildActionMask = 2147483647;
			files = (
				44A3954E2F4769890076B679 /* Accessory.swift in Sources */,
				44A395762F4769AF0076B679 /* NetworkError.swift in Sources */,
				44A395722F4769AF0076B679 /* Colors.swift in Sources */,
				44A395732F4769AF0076B679 /* WelcomeViewModel.swift in Sources */,
				44A3958F2F4787FE0076B679 /* WelcomeView.swift in Sources */,
				44A395802F4769B00076B679 /* MissionZebraApp.swift in Sources */,
				44A395902F4787FE0076B679 /* NavigationCoordinator.swift in Sources */,
				44A395772F4769AF0076B679 /* LoadingView.swift in Sources */,
				44A3957E2F4769B00076B679 /* ZebraShopRepository.swift in Sources */,
				44A3957F2F4769B00076B679 /* SoundService.swift in Sources */,
				44A395702F4769AF0076B679 /* NetworkManager.swift in Sources */,
				44A395742F4769AF0076B679 /* ChildData.swift in Sources */,
				44A395832F4769B00076B679 /* TaskCardView.swift in Sources */,
				44A3957B2F4769B00076B679 /* ChildDashboardViewModel.swift in Sources */,
				44A3954D2F4769890076B679 /* APIEndpoints.swift in Sources */,
				44A395782F4769AF0076B679 /* AppRoute.swift in Sources */,
				44A395842F4769B00076B679 /* SessionService.swift in Sources */,
				44A3957D2F4769B00076B679 /* ZebraShopView.swift in Sources */,
				44A395792F4769B00076B679 /* ChildDashboardView.swift in Sources */,
				44A3956C2F4769AF0076B679 /* Typography.swift in Sources */,
				44A395822F4769B00076B679 /* Reward.swift in Sources */,
				44A3957A2F4769B00076B679 /* TaskRepository.swift in Sources */,
				44A3956D2F4769AF0076B679 /* Task.swift in Sources */,
				44A395712F4769AF0076B679 /* ChildRepository.swift in Sources */,
				44A395812F4769B00076B679 /* Child.swift in Sources */,
				44A3956F2F4769AF0076B679 /* RewardRepository.swift in Sources */,
				44A395752F4769AF0076B679 /* View+Extensions.swift in Sources */,
				44A3956B2F4769AF0076B679 /* RewardCardView.swift in Sources */,
			);
			runOnlyForDeploymentPostprocessing = 0;
		};
		4404FB332F40A36F0010B9E0 /* Sources */ = {
			isa = PBXSourcesBuildPhase;
			buildActionMask = 2147483647;
			files = (
			);
			runOnlyForDeploymentPostprocessing = 0;
		};
		4404FB3A2F40A3700010B9E0 /* Sources */ = {
			isa = PBXSourcesBuildPhase;
			buildActionMask = 2147483647;
			files = (
				4404FB452F40A3700010B9E0 /* Tests_iOSLaunchTests.swift in Sources */,
				4404FB432F40A3700010B9E0 /* Tests_iOS.swift in Sources */,
			);
			runOnlyForDeploymentPostprocessing = 0;
		};
		4404FB462F40A3700010B9E0 /* Sources */ = {
			isa = PBXSourcesBuildPhase;
			buildActionMask = 2147483647;
			files = (
				4404FB512F40A3700010B9E0 /* Tests_macOSLaunchTests.swift in Sources */,
				4404FB4F2F40A3700010B9E0 /* Tests_macOS.swift in Sources */,
			);
			runOnlyForDeploymentPostprocessing = 0;
		};
/* End PBXSourcesBuildPhase section */

/* Begin PBXTargetDependency section */
		4404FB402F40A3700010B9E0 /* PBXTargetDependency */ = {
			isa = PBXTargetDependency;
			target = 4404FB302F40A36F0010B9E0 /* MissionZebra (iOS) */;
			targetProxy = 4404FB3F2F40A3700010B9E0 /* PBXContainerItemProxy */;
		};
		4404FB4C2F40A3700010B9E0 /* PBXTargetDependency */ = {
			isa = PBXTargetDependency;
			target = 4404FB362F40A36F0010B9E0 /* MissionZebra (macOS) */;
			targetProxy = 4404FB4B2F40A3700010B9E0 /* PBXContainerItemProxy */;
		};
/* End PBXTargetDependency section */

/* Begin XCBuildConfiguration section */
		4404FB582F40A3700010B9E0 /* Debug */ = {
			isa = XCBuildConfiguration;
			buildSettings = {
				ALWAYS_SEARCH_USER_PATHS = NO;
				CLANG_ANALYZER_NONNULL = YES;
				CLANG_ANALYZER_NUMBER_OBJECT_CONVERSION = YES_AGGRESSIVE;
				CLANG_CXX_LANGUAGE_STANDARD = "gnu++17";
				CLANG_CXX_LIBRARY = "libc++";
				CLANG_ENABLE_MODULES = YES;
				CLANG_ENABLE_OBJC_ARC = YES;
				CLANG_ENABLE_OBJC_WEAK = YES;
				CLANG_WARN_BLOCK_CAPTURE_AUTORELEASING = YES;
				CLANG_WARN_BOOL_CONVERSION = YES;
				CLANG_WARN_COMMA = YES;
				CLANG_WARN_CONSTANT_CONVERSION = YES;
				CLANG_WARN_DEPRECATED_OBJC_IMPLEMENTATIONS = YES;
				CLANG_WARN_DIRECT_OBJC_ISA_USAGE = YES_ERROR;
				CLANG_WARN_DOCUMENTATION_COMMENTS = YES;
				CLANG_WARN_EMPTY_BODY = YES;
				CLANG_WARN_ENUM_CONVERSION = YES;
				CLANG_WARN_INFINITE_RECURSION = YES;
				CLANG_WARN_INT_CONVERSION = YES;
				CLANG_WARN_NON_LITERAL_NULL_CONVERSION = YES;
				CLANG_WARN_OBJC_IMPLICIT_RETAIN_SELF = YES;
				CLANG_WARN_OBJC_LITERAL_CONVERSION = YES;
				CLANG_WARN_OBJC_ROOT_CLASS = YES_ERROR;
				CLANG_WARN_QUOTED_INCLUDE_IN_FRAMEWORK_HEADER = YES;
				CLANG_WARN_RANGE_LOOP_ANALYSIS = YES;
				CLANG_WARN_STRICT_PROTOTYPES = YES;
				CLANG_WARN_SUSPICIOUS_MOVE = YES;
				CLANG_WARN_UNGUARDED_AVAILABILITY = YES_AGGRESSIVE;
				CLANG_WARN_UNREACHABLE_CODE = YES;
				CLANG_WARN__DUPLICATE_METHOD_MATCH = YES;
				COPY_PHASE_STRIP = NO;
				DEBUG_INFORMATION_FORMAT = dwarf;
				ENABLE_STRICT_OBJC_MSGSEND = YES;
				ENABLE_TESTABILITY = YES;
				GCC_C_LANGUAGE_STANDARD = gnu11;
				GCC_DYNAMIC_NO_PIC = NO;
				GCC_NO_COMMON_BLOCKS = YES;
				GCC_OPTIMIZATION_LEVEL = 0;
				GCC_PREPROCESSOR_DEFINITIONS = (
					"DEBUG=1",
					"$(inherited)",
				);
				GCC_WARN_64_TO_32_BIT_CONVERSION = YES;
				GCC_WARN_ABOUT_RETURN_TYPE = YES_ERROR;
				GCC_WARN_UNDECLARED_SELECTOR = YES;
				GCC_WARN_UNINITIALIZED_AUTOS = YES_AGGRESSIVE;
				GCC_WARN_UNUSED_FUNCTION = YES;
				GCC_WARN_UNUSED_VARIABLE = YES;
				MTL_ENABLE_DEBUG_INFO = INCLUDE_SOURCE;
				MTL_FAST_MATH = YES;
				ONLY_ACTIVE_ARCH = YES;
				SWIFT_ACTIVE_COMPILATION_CONDITIONS = DEBUG;
				SWIFT_OPTIMIZATION_LEVEL = "-Onone";
			};
			name = Debug;
		};
		4404FB592F40A3700010B9E0 /* Release */ = {
			isa = XCBuildConfiguration;
			buildSettings = {
				ALWAYS_SEARCH_USER_PATHS = NO;
				CLANG_ANALYZER_NONNULL = YES;
				CLANG_ANALYZER_NUMBER_OBJECT_CONVERSION = YES_AGGRESSIVE;
				CLANG_CXX_LANGUAGE_STANDARD = "gnu++17";
				CLANG_CXX_LIBRARY = "libc++";
				CLANG_ENABLE_MODULES = YES;
				CLANG_ENABLE_OBJC_ARC = YES;
				CLANG_ENABLE_OBJC_WEAK = YES;
				CLANG_WARN_BLOCK_CAPTURE_AUTORELEASING = YES;
				CLANG_WARN_BOOL_CONVERSION = YES;
				CLANG_WARN_COMMA = YES;
				CLANG_WARN_CONSTANT_CONVERSION = YES;
				CLANG_WARN_DEPRECATED_OBJC_IMPLEMENTATIONS = YES;
				CLANG_WARN_DIRECT_OBJC_ISA_USAGE = YES_ERROR;
				CLANG_WARN_DOCUMENTATION_COMMENTS = YES;
				CLANG_WARN_EMPTY_BODY = YES;
				CLANG_WARN_ENUM_CONVERSION = YES;
				CLANG_WARN_INFINITE_RECURSION = YES;
				CLANG_WARN_INT_CONVERSION = YES;
				CLANG_WARN_NON_LITERAL_NULL_CONVERSION = YES;
				CLANG_WARN_OBJC_IMPLICIT_RETAIN_SELF = YES;
				CLANG_WARN_OBJC_LITERAL_CONVERSION = YES;
				CLANG_WARN_OBJC_ROOT_CLASS = YES_ERROR;
				CLANG_WARN_QUOTED_INCLUDE_IN_FRAMEWORK_HEADER = YES;
				CLANG_WARN_RANGE_LOOP_ANALYSIS = YES;
				CLANG_WARN_STRICT_PROTOTYPES = YES;
				CLANG_WARN_SUSPICIOUS_MOVE = YES;
				CLANG_WARN_UNGUARDED_AVAILABILITY = YES_AGGRESSIVE;
				CLANG_WARN_UNREACHABLE_CODE = YES;
				CLANG_WARN__DUPLICATE_METHOD_MATCH = YES;
				COPY_PHASE_STRIP = NO;
				DEBUG_INFORMATION_FORMAT = "dwarf-with-dsym";
				ENABLE_NS_ASSERTIONS = NO;
				ENABLE_STRICT_OBJC_MSGSEND = YES;
				GCC_C_LANGUAGE_STANDARD = gnu11;
				GCC_NO_COMMON_BLOCKS = YES;
				GCC_WARN_64_TO_32_BIT_CONVERSION = YES;
				GCC_WARN_ABOUT_RETURN_TYPE = YES_ERROR;
				GCC_WARN_UNDECLARED_SELECTOR = YES;
				GCC_WARN_UNINITIALIZED_AUTOS = YES_AGGRESSIVE;
				GCC_WARN_UNUSED_FUNCTION = YES;
				GCC_WARN_UNUSED_VARIABLE = YES;
				MTL_ENABLE_DEBUG_INFO = NO;
				MTL_FAST_MATH = YES;
				SWIFT_COMPILATION_MODE = wholemodule;
				SWIFT_OPTIMIZATION_LEVEL = "-O";
			};
			name = Release;
		};
		4404FB5B2F40A3700010B9E0 /* Debug */ = {
			isa = XCBuildConfiguration;
			buildSettings = {
				ASSETCATALOG_COMPILER_APPICON_NAME = AppIcon;
				ASSETCATALOG_COMPILER_GLOBAL_ACCENT_COLOR_NAME = AccentColor;
				CODE_SIGN_STYLE = Automatic;
				CURRENT_PROJECT_VERSION = 1;
				ENABLE_PREVIEWS = YES;
				GENERATE_INFOPLIST_FILE = YES;
				INFOPLIST_KEY_UIApplicationSceneManifest_Generation = YES;
				INFOPLIST_KEY_UIApplicationSupportsIndirectInputEvents = YES;
				INFOPLIST_KEY_UILaunchScreen_Generation = YES;
				INFOPLIST_KEY_UISupportedInterfaceOrientations_iPad = "UIInterfaceOrientationPortrait UIInterfaceOrientationPortraitUpsideDown UIInterfaceOrientationLandscapeLeft UIInterfaceOrientationLandscapeRight";
				INFOPLIST_KEY_UISupportedInterfaceOrientations_iPhone = "UIInterfaceOrientationPortrait UIInterfaceOrientationLandscapeLeft UIInterfaceOrientationLandscapeRight";
				IPHONEOS_DEPLOYMENT_TARGET = 15.2;
				LD_RUNPATH_SEARCH_PATHS = (
					"$(inherited)",
					"@executable_path/Frameworks",
				);
				MARKETING_VERSION = 1.0;
				PRODUCT_BUNDLE_IDENTIFIER = MissionZebra.MissionZebra;
				PRODUCT_NAME = MissionZebra;
				SDKROOT = iphoneos;
				SWIFT_EMIT_LOC_STRINGS = YES;
				SWIFT_VERSION = 5.0;
				TARGETED_DEVICE_FAMILY = "1,2";
			};
			name = Debug;
		};
		4404FB5C2F40A3700010B9E0 /* Release */ = {
			isa = XCBuildConfiguration;
			buildSettings = {
				ASSETCATALOG_COMPILER_APPICON_NAME = AppIcon;
				ASSETCATALOG_COMPILER_GLOBAL_ACCENT_COLOR_NAME = AccentColor;
				CODE_SIGN_STYLE = Automatic;
				CURRENT_PROJECT_VERSION = 1;
				ENABLE_PREVIEWS = YES;
				GENERATE_INFOPLIST_FILE = YES;
				INFOPLIST_KEY_UIApplicationSceneManifest_Generation = YES;
				INFOPLIST_KEY_UIApplicationSupportsIndirectInputEvents = YES;
				INFOPLIST_KEY_UILaunchScreen_Generation = YES;
				INFOPLIST_KEY_UISupportedInterfaceOrientations_iPad = "UIInterfaceOrientationPortrait UIInterfaceOrientationPortraitUpsideDown UIInterfaceOrientationLandscapeLeft UIInterfaceOrientationLandscapeRight";
				INFOPLIST_KEY_UISupportedInterfaceOrientations_iPhone = "UIInterfaceOrientationPortrait UIInterfaceOrientationLandscapeLeft UIInterfaceOrientationLandscapeRight";
				IPHONEOS_DEPLOYMENT_TARGET = 15.2;
				LD_RUNPATH_SEARCH_PATHS = (
					"$(inherited)",
					"@executable_path/Frameworks",
				);
				MARKETING_VERSION = 1.0;
				PRODUCT_BUNDLE_IDENTIFIER = MissionZebra.MissionZebra;
				PRODUCT_NAME = MissionZebra;
				SDKROOT = iphoneos;
				SWIFT_EMIT_LOC_STRINGS = YES;
				SWIFT_VERSION = 5.0;
				TARGETED_DEVICE_FAMILY = "1,2";
				VALIDATE_PRODUCT = YES;
			};
			name = Release;
		};
		4404FB5E2F40A3700010B9E0 /* Debug */ = {
			isa = XCBuildConfiguration;
			buildSettings = {
				ASSETCATALOG_COMPILER_APPICON_NAME = AppIcon;
				ASSETCATALOG_COMPILER_GLOBAL_ACCENT_COLOR_NAME = AccentColor;
				CODE_SIGN_ENTITLEMENTS = macOS/macOS.entitlements;
				CODE_SIGN_STYLE = Automatic;
				COMBINE_HIDPI_IMAGES = YES;
				CURRENT_PROJECT_VERSION = 1;
				ENABLE_PREVIEWS = YES;
				GENERATE_INFOPLIST_FILE = YES;
				INFOPLIST_KEY_NSHumanReadableCopyright = "";
				LD_RUNPATH_SEARCH_PATHS = (
					"$(inherited)",
					"@executable_path/../Frameworks",
				);
				MACOSX_DEPLOYMENT_TARGET = 11.7;
				MARKETING_VERSION = 1.0;
				PRODUCT_BUNDLE_IDENTIFIER = MissionZebra.MissionZebra;
				PRODUCT_NAME = MissionZebra;
				SDKROOT = macosx;
				SWIFT_EMIT_LOC_STRINGS = YES;
				SWIFT_VERSION = 5.0;
			};
			name = Debug;
		};
		4404FB5F2F40A3700010B9E0 /* Release */ = {
			isa = XCBuildConfiguration;
			buildSettings = {
				ASSETCATALOG_COMPILER_APPICON_NAME = AppIcon;
				ASSETCATALOG_COMPILER_GLOBAL_ACCENT_COLOR_NAME = AccentColor;
				CODE_SIGN_ENTITLEMENTS = macOS/macOS.entitlements;
				CODE_SIGN_STYLE = Automatic;
				COMBINE_HIDPI_IMAGES = YES;
				CURRENT_PROJECT_VERSION = 1;
				ENABLE_PREVIEWS = YES;
				GENERATE_INFOPLIST_FILE = YES;
				INFOPLIST_KEY_NSHumanReadableCopyright = "";
				LD_RUNPATH_SEARCH_PATHS = (
					"$(inherited)",
					"@executable_path/../Frameworks",
				);
				MACOSX_DEPLOYMENT_TARGET = 11.7;
				MARKETING_VERSION = 1.0;
				PRODUCT_BUNDLE_IDENTIFIER = MissionZebra.MissionZebra;
				PRODUCT_NAME = MissionZebra;
				SDKROOT = macosx;
				SWIFT_EMIT_LOC_STRINGS = YES;
				SWIFT_VERSION = 5.0;
			};
			name = Release;
		};
		4404FB612F40A3700010B9E0 /* Debug */ = {
			isa = XCBuildConfiguration;
			buildSettings = {
				ALWAYS_EMBED_SWIFT_STANDARD_LIBRARIES = YES;
				CODE_SIGN_STYLE = Automatic;
				CURRENT_PROJECT_VERSION = 1;
				GENERATE_INFOPLIST_FILE = YES;
				IPHONEOS_DEPLOYMENT_TARGET = 15.2;
				MARKETING_VERSION = 1.0;
				PRODUCT_BUNDLE_IDENTIFIER = "MissionZebra.Tests-iOS";
				PRODUCT_NAME = "$(TARGET_NAME)";
				SDKROOT = iphoneos;
				SWIFT_EMIT_LOC_STRINGS = NO;
				SWIFT_VERSION = 5.0;
				TARGETED_DEVICE_FAMILY = "1,2";
				TEST_TARGET_NAME = "MissionZebra (iOS)";
			};
			name = Debug;
		};
		4404FB622F40A3700010B9E0 /* Release */ = {
			isa = XCBuildConfiguration;
			buildSettings = {
				ALWAYS_EMBED_SWIFT_STANDARD_LIBRARIES = YES;
				CODE_SIGN_STYLE = Automatic;
				CURRENT_PROJECT_VERSION = 1;
				GENERATE_INFOPLIST_FILE = YES;
				IPHONEOS_DEPLOYMENT_TARGET = 15.2;
				MARKETING_VERSION = 1.0;
				PRODUCT_BUNDLE_IDENTIFIER = "MissionZebra.Tests-iOS";
				PRODUCT_NAME = "$(TARGET_NAME)";
				SDKROOT = iphoneos;
				SWIFT_EMIT_LOC_STRINGS = NO;
				SWIFT_VERSION = 5.0;
				TARGETED_DEVICE_FAMILY = "1,2";
				TEST_TARGET_NAME = "MissionZebra (iOS)";
				VALIDATE_PRODUCT = YES;
			};
			name = Release;
		};
		4404FB642F40A3700010B9E0 /* Debug */ = {
			isa = XCBuildConfiguration;
			buildSettings = {
				CODE_SIGN_STYLE = Automatic;
				CURRENT_PROJECT_VERSION = 1;
				GENERATE_INFOPLIST_FILE = YES;
				MACOSX_DEPLOYMENT_TARGET = 11.7;
				MARKETING_VERSION = 1.0;
				PRODUCT_BUNDLE_IDENTIFIER = "MissionZebra.Tests-macOS";
				PRODUCT_NAME = "$(TARGET_NAME)";
				SDKROOT = macosx;
				SWIFT_EMIT_LOC_STRINGS = NO;
				SWIFT_VERSION = 5.0;
				TEST_TARGET_NAME = "MissionZebra (macOS)";
			};
			name = Debug;
		};
		4404FB652F40A3700010B9E0 /* Release */ = {
			isa = XCBuildConfiguration;
			buildSettings = {
				CODE_SIGN_STYLE = Automatic;
				CURRENT_PROJECT_VERSION = 1;
				GENERATE_INFOPLIST_FILE = YES;
				MACOSX_DEPLOYMENT_TARGET = 11.7;
				MARKETING_VERSION = 1.0;
				PRODUCT_BUNDLE_IDENTIFIER = "MissionZebra.Tests-macOS";
				PRODUCT_NAME = "$(TARGET_NAME)";
				SDKROOT = macosx;
				SWIFT_EMIT_LOC_STRINGS = NO;
				SWIFT_VERSION = 5.0;
				TEST_TARGET_NAME = "MissionZebra (macOS)";
			};
			name = Release;
		};
/* End XCBuildConfiguration section */

/* Begin XCConfigurationList section */
		4404FB282F40A36D0010B9E0 /* Build configuration list for PBXProject "MissionZebra" */ = {
			isa = XCConfigurationList;
			buildConfigurations = (
				4404FB582F40A3700010B9E0 /* Debug */,
				4404FB592F40A3700010B9E0 /* Release */,
			);
			defaultConfigurationIsVisible = 0;
			defaultConfigurationName = Release;
		};
		4404FB5A2F40A3700010B9E0 /* Build configuration list for PBXNativeTarget "MissionZebra (iOS)" */ = {
			isa = XCConfigurationList;
			buildConfigurations = (
				4404FB5B2F40A3700010B9E0 /* Debug */,
				4404FB5C2F40A3700010B9E0 /* Release */,
			);
			defaultConfigurationIsVisible = 0;
			defaultConfigurationName = Release;
		};
		4404FB5D2F40A3700010B9E0 /* Build configuration list for PBXNativeTarget "MissionZebra (macOS)" */ = {
			isa = XCConfigurationList;
			buildConfigurations = (
				4404FB5E2F40A3700010B9E0 /* Debug */,
				4404FB5F2F40A3700010B9E0 /* Release */,
			);
			defaultConfigurationIsVisible = 0;
			defaultConfigurationName = Release;
		};
		4404FB602F40A3700010B9E0 /* Build configuration list for PBXNativeTarget "Tests iOS" */ = {
			isa = XCConfigurationList;
			buildConfigurations = (
				4404FB612F40A3700010B9E0 /* Debug */,
				4404FB622F40A3700010B9E0 /* Release */,
			);
			defaultConfigurationIsVisible = 0;
			defaultConfigurationName = Release;
		};
		4404FB632F40A3700010B9E0 /* Build configuration list for PBXNativeTarget "Tests macOS" */ = {
			isa = XCConfigurationList;
			buildConfigurations = (
				4404FB642F40A3700010B9E0 /* Debug */,
				4404FB652F40A3700010B9E0 /* Release */,
			);
			defaultConfigurationIsVisible = 0;
			defaultConfigurationName = Release;
		};
/* End XCConfigurationList section */
	};
	rootObject = 4404FB252F40A36D0010B9E0 /* Project object */;
}
